
Microsoft Visual Studio Solution File, Format Version 12.00
# Visual Studio Version 17
VisualStudioVersion = 17.0.32112.339
MinimumVisualStudioVersion = 10.0.40219.1
Project("{FAE04EC0-301F-11D3-BF4B-00C04F79EFBC}") = "AssignmentOOps", "AssignmentOOps\AssignmentOOps.csproj", "{61443738-042F-4D97-92EA-BB5069E74998}"
EndProject
Global
	GlobalSection(SolutionConfigurationPlatforms) = preSolution
		Debug|Any CPU = Debug|Any CPU
		Release|Any CPU = Release|Any CPU
	EndGlobalSection
	GlobalSection(ProjectConfigurationPlatforms) = postSolution
		{61443738-042F-4D97-92EA-BB5069E74998}.Debug|Any CPU.ActiveCfg = Debug|Any CPU
		{61443738-042F-4D97-92EA-BB5069E74998}.Debug|Any CPU.Build.0 = Debug|Any CPU
		{61443738-042F-4D97-92EA-BB5069E74998}.Release|Any CPU.ActiveCfg = Release|Any CPU
		{61443738-042F-4D97-92EA-BB5069E74998}.Release|Any CPU.Build.0 = Release|Any CPU
	EndGlobalSection
	GlobalSection(SolutionProperties) = preSolution
		HideSolutionNode = FALSE
	EndGlobalSection
	GlobalSection(ExtensibilityGlobals) = postSolution
		SolutionGuid = {A052EE47-EA63-4DA0-B9F6-EBEBD45FA314}
	EndGlobalSection
EndGlobal
